// !$*UTF8*$!
{
	archiveVersion = 1;
	classes = {
	};
	objectVersion = 56;
	objects = {

/* Begin PBXBuildFile section */
		0D2202D02BEB89FA0021080B /* HomeViewController.swift in Sources */ = {isa = PBXBuildFile; fileRef = 0D2202CF2BEB89FA0021080B /* HomeViewController.swift */; };
		0D2202D22BEB8A100021080B /* UpcomingViewController.swift in Sources */ = {isa = PBXBuildFile; fileRef = 0D2202D12BEB8A100021080B /* UpcomingViewController.swift */; };
		0D2202D42BEB8A270021080B /* SearchViewController.swift in Sources */ = {isa = PBXBuildFile; fileRef = 0D2202D32BEB8A270021080B /* SearchViewController.swift */; };
		0D2202D62BEB8EA00021080B /* DownloadsViewController.swift in Sources */ = {isa = PBXBuildFile; fileRef = 0D2202D52BEB8EA00021080B /* DownloadsViewController.swift */; };
		0D2202DD2BECE6B50021080B /* CollectionViewTableViewCell.swift in Sources */ = {isa = PBXBuildFile; fileRef = 0D2202DC2BECE6B50021080B /* CollectionViewTableViewCell.swift */; };
		0DECAECB2BEA47AE00BF85BD /* AppDelegate.swift in Sources */ = {isa = PBXBuildFile; fileRef = 0DECAECA2BEA47AE00BF85BD /* AppDelegate.swift */; };
		0DECAECD2BEA47AE00BF85BD /* SceneDelegate.swift in Sources */ = {isa = PBXBuildFile; fileRef = 0DECAECC2BEA47AE00BF85BD /* SceneDelegate.swift */; };
		0DECAECF2BEA47AE00BF85BD /* MainTabBarViewController.swift in Sources */ = {isa = PBXBuildFile; fileRef = 0DECAECE2BEA47AE00BF85BD /* MainTabBarViewController.swift */; };
		0DECAED42BEA47B200BF85BD /* Assets.xcassets in Resources */ = {isa = PBXBuildFile; fileRef = 0DECAED32BEA47B200BF85BD /* Assets.xcassets */; };
		0DECAED72BEA47B200BF85BD /* LaunchScreen.storyboard in Resources */ = {isa = PBXBuildFile; fileRef = 0DECAED52BEA47B200BF85BD /* LaunchScreen.storyboard */; };
/* End PBXBuildFile section */

/* Begin PBXFileReference section */
		0D2202CF2BEB89FA0021080B /* HomeViewController.swift */ = {isa = PBXFileReference; lastKnownFileType = sourcecode.swift; path = HomeViewController.swift; sourceTree = "<group>"; };
		0D2202D12BEB8A100021080B /* UpcomingViewController.swift */ = {isa = PBXFileReference; lastKnownFileType = sourcecode.swift; path = UpcomingViewController.swift; sourceTree = "<group>"; };
		0D2202D32BEB8A270021080B /* SearchViewController.swift */ = {isa = PBXFileReference; lastKnownFileType = sourcecode.swift; path = SearchViewController.swift; sourceTree = "<group>"; };
		0D2202D52BEB8EA00021080B /* DownloadsViewController.swift */ = {isa = PBXFileReference; lastKnownFileType = sourcecode.swift; path = DownloadsViewController.swift; sourceTree = "<group>"; };
		0D2202DC2BECE6B50021080B /* CollectionViewTableViewCell.swift */ = {isa = PBXFileReference; lastKnownFileType = sourcecode.swift; path = CollectionViewTableViewCell.swift; sourceTree = "<group>"; };
		0DECAEC72BEA47AE00BF85BD /* Netflix Clone.app */ = {isa = PBXFileReference; explicitFileType = wrapper.application; includeInIndex = 0; path = "Netflix Clone.app"; sourceTree = BUILT_PRODUCTS_DIR; };
		0DECAECA2BEA47AE00BF85BD /* AppDelegate.swift */ = {isa = PBXFileReference; lastKnownFileType = sourcecode.swift; path = AppDelegate.swift; sourceTree = "<group>"; };
		0DECAECC2BEA47AE00BF85BD /* SceneDelegate.swift */ = {isa = PBXFileReference; lastKnownFileType = sourcecode.swift; path = SceneDelegate.swift; sourceTree = "<group>"; };
		0DECAECE2BEA47AE00BF85BD /* MainTabBarViewController.swift */ = {isa = PBXFileReference; lastKnownFileType = sourcecode.swift; path = MainTabBarViewController.swift; sourceTree = "<group>"; };
		0DECAED32BEA47B200BF85BD /* Assets.xcassets */ = {isa = PBXFileReference; lastKnownFileType = folder.assetcatalog; path = Assets.xcassets; sourceTree = "<group>"; };
		0DECAED62BEA47B200BF85BD /* Base */ = {isa = PBXFileReference; lastKnownFileType = file.storyboard; name = Base; path = Base.lproj/LaunchScreen.storyboard; sourceTree = "<group>"; };
		0DECAED82BEA47B200BF85BD /* Info.plist */ = {isa = PBXFileReference; lastKnownFileType = text.plist.xml; path = Info.plist; sourceTree = "<group>"; };
/* End PBXFileReference section */

/* Begin PBXFrameworksBuildPhase section */
		0DECAEC42BEA47AE00BF85BD /* Frameworks */ = {
			isa = PBXFrameworksBuildPhase;
			buildActionMask = 2147483647;
			files = (
			);
			runOnlyForDeploymentPostprocessing = 0;
		};
/* End PBXFrameworksBuildPhase section */

/* Begin PBXGroup section */
		0D2202CE2BEB88860021080B /* Controllers */ = {
			isa = PBXGroup;
			children = (
				0D2202CF2BEB89FA0021080B /* HomeViewController.swift */,
				0D2202D12BEB8A100021080B /* UpcomingViewController.swift */,
				0D2202D32BEB8A270021080B /* SearchViewController.swift */,
				0D2202D52BEB8EA00021080B /* DownloadsViewController.swift */,
			);
			path = Controllers;
			sourceTree = "<group>";
		};
		0D2202D72BEBAA6C0021080B /* Views */ = {
			isa = PBXGroup;
			children = (
				0D2202DC2BECE6B50021080B /* CollectionViewTableViewCell.swift */,
			);
			path = Views;
			sourceTree = "<group>";
		};
		0D2202D82BEBAA740021080B /* ViewModels */ = {
			isa = PBXGroup;
			children = (
			);
			path = ViewModels;
			sourceTree = "<group>";
		};
		0D2202D92BEBAA860021080B /* Models */ = {
			isa = PBXGroup;
			children = (
			);
			path = Models;
			sourceTree = "<group>";
		};
		0D2202DA2BECE61A0021080B /* Resources */ = {
			isa = PBXGroup;
			children = (
			);
			path = Resources;
			sourceTree = "<group>";
		};
		0D2202DB2BECE6390021080B /* Managers */ = {
			isa = PBXGroup;
			children = (
			);
			path = Managers;
			sourceTree = "<group>";
		};
		0DECAEBE2BEA47AE00BF85BD = {
			isa = PBXGroup;
			children = (
				0DECAEC92BEA47AE00BF85BD /* Netflix Clone */,
				0DECAEC82BEA47AE00BF85BD /* Products */,
			);
			sourceTree = "<group>";
		};
		0DECAEC82BEA47AE00BF85BD /* Products */ = {
			isa = PBXGroup;
			children = (
				0DECAEC72BEA47AE00BF85BD /* Netflix Clone.app */,
			);
			name = Products;
			sourceTree = "<group>";
		};
		0DECAEC92BEA47AE00BF85BD /* Netflix Clone */ = {
			isa = PBXGroup;
			children = (
				0D2202DB2BECE6390021080B /* Managers */,
				0D2202DA2BECE61A0021080B /* Resources */,
				0D2202D92BEBAA860021080B /* Models */,
				0D2202D82BEBAA740021080B /* ViewModels */,
				0D2202D72BEBAA6C0021080B /* Views */,
				0D2202CE2BEB88860021080B /* Controllers */,
				0DECAECA2BEA47AE00BF85BD /* AppDelegate.swift */,
				0DECAECC2BEA47AE00BF85BD /* SceneDelegate.swift */,
				0DECAECE2BEA47AE00BF85BD /* MainTabBarViewController.swift */,
				0DECAED32BEA47B200BF85BD /* Assets.xcassets */,
				0DECAED52BEA47B200BF85BD /* LaunchScreen.storyboard */,
				0DECAED82BEA47B200BF85BD /* Info.plist */,
			);
			path = "Netflix Clone";
			sourceTree = "<group>";
		};
/* End PBXGroup section */

/* Begin PBXNativeTarget section */
		0DECAEC62BEA47AE00BF85BD /* Netflix Clone */ = {
			isa = PBXNativeTarget;
			buildConfigurationList = 0DECAEDB2BEA47B200BF85BD /* Build configuration list for PBXNativeTarget "Netflix Clone" */;
			buildPhases = (
				0DECAEC32BEA47AE00BF85BD /* Sources */,
				0DECAEC42BEA47AE00BF85BD /* Frameworks */,
				0DECAEC52BEA47AE00BF85BD /* Resources */,
			);
			buildRules = (
			);
			dependencies = (
			);
			name = "Netflix Clone";
			productName = "Netflix Clone";
			productReference = 0DECAEC72BEA47AE00BF85BD /* Netflix Clone.app */;
			productType = "com.apple.product-type.application";
		};
/* End PBXNativeTarget section */

/* Begin PBXProject section */
		0DECAEBF2BEA47AE00BF85BD /* Project object */ = {
			isa = PBXProject;
			attributes = {
				BuildIndependentTargetsInParallel = 1;
				LastSwiftUpdateCheck = 1500;
				LastUpgradeCheck = 1500;
				TargetAttributes = {
					0DECAEC62BEA47AE00BF85BD = {
						CreatedOnToolsVersion = 15.0;
					};
				};
			};
			buildConfigurationList = 0DECAEC22BEA47AE00BF85BD /* Build configuration list for PBXProject "Netflix Clone" */;
			compatibilityVersion = "Xcode 14.0";
			developmentRegion = en;
			hasScannedForEncodings = 0;
			knownRegions = (
				en,
				Base,
			);
			mainGroup = 0DECAEBE2BEA47AE00BF85BD;
			productRefGroup = 0DECAEC82BEA47AE00BF85BD /* Products */;
			projectDirPath = "";
			projectRoot = "";
			targets = (
				0DECAEC62BEA47AE00BF85BD /* Netflix Clone */,
			);
		};
/* End PBXProject section */

/* Begin PBXResourcesBuildPhase section */
		0DECAEC52BEA47AE00BF85BD /* Resources */ = {
			isa = PBXResourcesBuildPhase;
			buildActionMask = 2147483647;
			files = (
				0DECAED72BEA47B200BF85BD /* LaunchScreen.storyboard in Resources */,
				0DECAED42BEA47B200BF85BD /* Assets.xcassets in Resources */,
			);
			runOnlyForDeploymentPostprocessing = 0;
		};
/* End PBXResourcesBuildPhase section */

/* Begin PBXSourcesBuildPhase section */
		0DECAEC32BEA47AE00BF85BD /* Sources */ = {
			isa = PBXSourcesBuildPhase;
			buildActionMask = 2147483647;
			files = (
				0D2202D42BEB8A270021080B /* SearchViewController.swift in Sources */,
				0DECAECF2BEA47AE00BF85BD /* MainTabBarViewController.swift in Sources */,
				0D2202DD2BECE6B50021080B /* CollectionViewTableViewCell.swift in Sources */,
				0D2202D62BEB8EA00021080B /* DownloadsViewController.swift in Sources */,
				0DECAECB2BEA47AE00BF85BD /* AppDelegate.swift in Sources */,
				0DECAECD2BEA47AE00BF85BD /* SceneDelegate.swift in Sources */,
				0D2202D22BEB8A100021080B /* UpcomingViewController.swift in Sources */,
				0D2202D02BEB89FA0021080B /* HomeViewController.swift in Sources */,
			);
			runOnlyForDeploymentPostprocessing = 0;
		};
/* End PBXSourcesBuildPhase section */

/* Begin PBXVariantGroup section */
		0DECAED52BEA47B200BF85BD /* LaunchScreen.storyboard */ = {
			isa = PBXVariantGroup;
			children = (
				0DECAED62BEA47B200BF85BD /* Base */,
			);
			name = LaunchScreen.storyboard;
			sourceTree = "<group>";
		};
/* End PBXVariantGroup section */

/* Begin XCBuildConfiguration section */
		0DECAED92BEA47B200BF85BD /* Debug */ = {
			isa = XCBuildConfiguration;
			buildSettings = {
				ALWAYS_SEARCH_USER_PATHS = NO;
				ASSETCATALOG_COMPILER_GENERATE_SWIFT_ASSET_SYMBOL_EXTENSIONS = YES;
				CLANG_ANALYZER_NONNULL = YES;
				CLANG_ANALYZER_NUMBER_OBJECT_CONVERSION = YES_AGGRESSIVE;
				CLANG_CXX_LANGUAGE_STANDARD = "gnu++20";
				CLANG_ENABLE_MODULES = YES;
				CLANG_ENABLE_OBJC_ARC = YES;
				CLANG_ENABLE_OBJC_WEAK = YES;
				CLANG_WARN_BLOCK_CAPTURE_AUTORELEASING = YES;
				CLANG_WARN_BOOL_CONVERSION = YES;
				CLANG_WARN_COMMA = YES;
				CLANG_WARN_CONSTANT_CONVERSION = YES;
				CLANG_WARN_DEPRECATED_OBJC_IMPLEMENTATIONS = YES;
				CLANG_WARN_DIRECT_OBJC_ISA_USAGE = YES_ERROR;
				CLANG_WARN_DOCUMENTATION_COMMENTS = YES;
				CLANG_WARN_EMPTY_BODY = YES;
				CLANG_WARN_ENUM_CONVERSION = YES;
				CLANG_WARN_INFINITE_RECURSION = YES;
				CLANG_WARN_INT_CONVERSION = YES;
				CLANG_WARN_NON_LITERAL_NULL_CONVERSION = YES;
				CLANG_WARN_OBJC_IMPLICIT_RETAIN_SELF = YES;
				CLANG_WARN_OBJC_LITERAL_CONVERSION = YES;
				CLANG_WARN_OBJC_ROOT_CLASS = YES_ERROR;
				CLANG_WARN_QUOTED_INCLUDE_IN_FRAMEWORK_HEADER = YES;
				CLANG_WARN_RANGE_LOOP_ANALYSIS = YES;
				CLANG_WARN_STRICT_PROTOTYPES = YES;
				CLANG_WARN_SUSPICIOUS_MOVE = YES;
				CLANG_WARN_UNGUARDED_AVAILABILITY = YES_AGGRESSIVE;
				CLANG_WARN_UNREACHABLE_CODE = YES;
				CLANG_WARN__DUPLICATE_METHOD_MATCH = YES;
				COPY_PHASE_STRIP = NO;
				DEBUG_INFORMATION_FORMAT = dwarf;
				ENABLE_STRICT_OBJC_MSGSEND = YES;
				ENABLE_TESTABILITY = YES;
				ENABLE_USER_SCRIPT_SANDBOXING = YES;
				GCC_C_LANGUAGE_STANDARD = gnu17;
				GCC_DYNAMIC_NO_PIC = NO;
				GCC_NO_COMMON_BLOCKS = YES;
				GCC_OPTIMIZATION_LEVEL = 0;
				GCC_PREPROCESSOR_DEFINITIONS = (
					"DEBUG=1",
					"$(inherited)",
				);
				GCC_WARN_64_TO_32_BIT_CONVERSION = YES;
				GCC_WARN_ABOUT_RETURN_TYPE = YES_ERROR;
				GCC_WARN_UNDECLARED_SELECTOR = YES;
				GCC_WARN_UNINITIALIZED_AUTOS = YES_AGGRESSIVE;
				GCC_WARN_UNUSED_FUNCTION = YES;
				GCC_WARN_UNUSED_VARIABLE = YES;
				IPHONEOS_DEPLOYMENT_TARGET = 17.0;
				LOCALIZATION_PREFERS_STRING_CATALOGS = YES;
				MTL_ENABLE_DEBUG_INFO = INCLUDE_SOURCE;
				MTL_FAST_MATH = YES;
				ONLY_ACTIVE_ARCH = YES;
				SDKROOT = iphoneos;
				SWIFT_ACTIVE_COMPILATION_CONDITIONS = "DEBUG $(inherited)";
				SWIFT_OPTIMIZATION_LEVEL = "-Onone";
			};
			name = Debug;
		};
		0DECAEDA2BEA47B200BF85BD /* Release */ = {
			isa = XCBuildConfiguration;
			buildSettings = {
				ALWAYS_SEARCH_USER_PATHS = NO;
				ASSETCATALOG_COMPILER_GENERATE_SWIFT_ASSET_SYMBOL_EXTENSIONS = YES;
				CLANG_ANALYZER_NONNULL = YES;
				CLANG_ANALYZER_NUMBER_OBJECT_CONVERSION = YES_AGGRESSIVE;
				CLANG_CXX_LANGUAGE_STANDARD = "gnu++20";
				CLANG_ENABLE_MODULES = YES;
				CLANG_ENABLE_OBJC_ARC = YES;
				CLANG_ENABLE_OBJC_WEAK = YES;
				CLANG_WARN_BLOCK_CAPTURE_AUTORELEASING = YES;
				CLANG_WARN_BOOL_CONVERSION = YES;
				CLANG_WARN_COMMA = YES;
				CLANG_WARN_CONSTANT_CONVERSION = YES;
				CLANG_WARN_DEPRECATED_OBJC_IMPLEMENTATIONS = YES;
				CLANG_WARN_DIRECT_OBJC_ISA_USAGE = YES_ERROR;
				CLANG_WARN_DOCUMENTATION_COMMENTS = YES;
				CLANG_WARN_EMPTY_BODY = YES;
				CLANG_WARN_ENUM_CONVERSION = YES;
				CLANG_WARN_INFINITE_RECURSION = YES;
				CLANG_WARN_INT_CONVERSION = YES;
				CLANG_WARN_NON_LITERAL_NULL_CONVERSION = YES;
				CLANG_WARN_OBJC_IMPLICIT_RETAIN_SELF = YES;
				CLANG_WARN_OBJC_LITERAL_CONVERSION = YES;
				CLANG_WARN_OBJC_ROOT_CLASS = YES_ERROR;
				CLANG_WARN_QUOTED_INCLUDE_IN_FRAMEWORK_HEADER = YES;
				CLANG_WARN_RANGE_LOOP_ANALYSIS = YES;
				CLANG_WARN_STRICT_PROTOTYPES = YES;
				CLANG_WARN_SUSPICIOUS_MOVE = YES;
				CLANG_WARN_UNGUARDED_AVAILABILITY = YES_AGGRESSIVE;
				CLANG_WARN_UNREACHABLE_CODE = YES;
				CLANG_WARN__DUPLICATE_METHOD_MATCH = YES;
				COPY_PHASE_STRIP = NO;
				DEBUG_INFORMATION_FORMAT = "dwarf-with-dsym";
				ENABLE_NS_ASSERTIONS = NO;
				ENABLE_STRICT_OBJC_MSGSEND = YES;
				ENABLE_USER_SCRIPT_SANDBOXING = YES;
				GCC_C_LANGUAGE_STANDARD = gnu17;
				GCC_NO_COMMON_BLOCKS = YES;
				GCC_WARN_64_TO_32_BIT_CONVERSION = YES;
				GCC_WARN_ABOUT_RETURN_TYPE = YES_ERROR;
				GCC_WARN_UNDECLARED_SELECTOR = YES;
				GCC_WARN_UNINITIALIZED_AUTOS = YES_AGGRESSIVE;
				GCC_WARN_UNUSED_FUNCTION = YES;
				GCC_WARN_UNUSED_VARIABLE = YES;
				IPHONEOS_DEPLOYMENT_TARGET = 17.0;
				LOCALIZATION_PREFERS_STRING_CATALOGS = YES;
				MTL_ENABLE_DEBUG_INFO = NO;
				MTL_FAST_MATH = YES;
				SDKROOT = iphoneos;
				SWIFT_COMPILATION_MODE = wholemodule;
				VALIDATE_PRODUCT = YES;
			};
			name = Release;
		};
		0DECAEDC2BEA47B200BF85BD /* Debug */ = {
			isa = XCBuildConfiguration;
			buildSettings = {
				ASSETCATALOG_COMPILER_APPICON_NAME = AppIcon;
				ASSETCATALOG_COMPILER_GLOBAL_ACCENT_COLOR_NAME = AccentColor;
				CODE_SIGN_STYLE = Automatic;
				CURRENT_PROJECT_VERSION = 1;
				DEVELOPMENT_TEAM = PJ86RY2Y86;
				GENERATE_INFOPLIST_FILE = YES;
				INFOPLIST_FILE = "Netflix Clone/Info.plist";
				INFOPLIST_KEY_UIApplicationSupportsIndirectInputEvents = YES;
				INFOPLIST_KEY_UILaunchStoryboardName = LaunchScreen;
				INFOPLIST_KEY_UISupportedInterfaceOrientations_iPad = "UIInterfaceOrientationPortrait UIInterfaceOrientationPortraitUpsideDown UIInterfaceOrientationLandscapeLeft UIInterfaceOrientationLandscapeRight";
				INFOPLIST_KEY_UISupportedInterfaceOrientations_iPhone = "UIInterfaceOrientationPortrait UIInterfaceOrientationLandscapeLeft UIInterfaceOrientationLandscapeRight";
				LD_RUNPATH_SEARCH_PATHS = (
					"$(inherited)",
					"@executable_path/Frameworks",
				);
				MARKETING_VERSION = 1.0;
				PRODUCT_BUNDLE_IDENTIFIER = "com.zeypnucc.Netflix-Clone";
				PRODUCT_NAME = "$(TARGET_NAME)";
				SWIFT_EMIT_LOC_STRINGS = YES;
				SWIFT_VERSION = 5.0;
				TARGETED_DEVICE_FAMILY = "1,2";
			};
			name = Debug;
		};
		0DECAEDD2BEA47B200BF85BD /* Release */ = {
			isa = XCBuildConfiguration;
			buildSettings = {
				ASSETCATALOG_COMPILER_APPICON_NAME = AppIcon;
				ASSETCATALOG_COMPILER_GLOBAL_ACCENT_COLOR_NAME = AccentColor;
				CODE_SIGN_STYLE = Automatic;
				CURRENT_PROJECT_VERSION = 1;
				DEVELOPMENT_TEAM = PJ86RY2Y86;
				GENERATE_INFOPLIST_FILE = YES;
				INFOPLIST_FILE = "Netflix Clone/Info.plist";
				INFOPLIST_KEY_UIApplicationSupportsIndirectInputEvents = YES;
				INFOPLIST_KEY_UILaunchStoryboardName = LaunchScreen;
				INFOPLIST_KEY_UISupportedInterfaceOrientations_iPad = "UIInterfaceOrientationPortrait UIInterfaceOrientationPortraitUpsideDown UIInterfaceOrientationLandscapeLeft UIInterfaceOrientationLandscapeRight";
				INFOPLIST_KEY_UISupportedInterfaceOrientations_iPhone = "UIInterfaceOrientationPortrait UIInterfaceOrientationLandscapeLeft UIInterfaceOrientationLandscapeRight";
				LD_RUNPATH_SEARCH_PATHS = (
					"$(inherited)",
					"@executable_path/Frameworks",
				);
				MARKETING_VERSION = 1.0;
				PRODUCT_BUNDLE_IDENTIFIER = "com.zeypnucc.Netflix-Clone";
				PRODUCT_NAME = "$(TARGET_NAME)";
				SWIFT_EMIT_LOC_STRINGS = YES;
				SWIFT_VERSION = 5.0;
				TARGETED_DEVICE_FAMILY = "1,2";
			};
			name = Release;
		};
/* End XCBuildConfiguration section */

/* Begin XCConfigurationList section */
		0DECAEC22BEA47AE00BF85BD /* Build configuration list for PBXProject "Netflix Clone" */ = {
			isa = XCConfigurationList;
			buildConfigurations = (
				0DECAED92BEA47B200BF85BD /* Debug */,
				0DECAEDA2BEA47B200BF85BD /* Release */,
			);
			defaultConfigurationIsVisible = 0;
			defaultConfigurationName = Release;
		};
		0DECAEDB2BEA47B200BF85BD /* Build configuration list for PBXNativeTarget "Netflix Clone" */ = {
			isa = XCConfigurationList;
			buildConfigurations = (
				0DECAEDC2BEA47B200BF85BD /* Debug */,
				0DECAEDD2BEA47B200BF85BD /* Release */,
			);
			defaultConfigurationIsVisible = 0;
			defaultConfigurationName = Release;
		};
/* End XCConfigurationList section */
	};
	rootObject = 0DECAEBF2BEA47AE00BF85BD /* Project object */;
}
